
Microsoft Visual Studio Solution File, Format Version 12.00
# Visual Studio Version 17
VisualStudioVersion = 17.4.33110.190
MinimumVisualStudioVersion = 10.0.40219.1
Project("{9A19103F-16F7-4668-BE54-9A1E7A4F7556}") = "Store.Web.Mvc", "Store.Web.Mvc\Store.Web.Mvc.csproj", "{EF6D0F19-4AC4-42B1-B6E1-1E09EC6A2B88}"
EndProject
Project("{9A19103F-16F7-4668-BE54-9A1E7A4F7556}") = "Store.Domain", "Store.Domain\Store.Domain.csproj", "{AD4A9B16-ACBE-4BED-A36A-F3055558BAF1}"
EndProject
Project("{9A19103F-16F7-4668-BE54-9A1E7A4F7556}") = "Store.Infra.Data", "Store.Infra.Data\Store.Infra.Data.csproj", "{230A534D-CB67-470F-9188-799DA3972F9E}"
EndProject
Project("{9A19103F-16F7-4668-BE54-9A1E7A4F7556}") = "Store.Application", "Store.Application\Store.Application.csproj", "{B969C0C4-8984-4463-B5B5-815F915CD948}"
EndProject
Project("{9A19103F-16F7-4668-BE54-9A1E7A4F7556}") = "Store.Infra.CrossCutting", "Store.CrossCutting\Store.Infra.CrossCutting.csproj", "{340AF17D-1AF9-4126-A704-D82F65D7C0B6}"
EndProject
Project("{2150E333-8FDC-42A3-9474-1A3956D46DE8}") = "tests", "tests", "{9231C1A1-36AC-4A14-A78C-7CEF677C8E44}"
EndProject
Project("{9A19103F-16F7-4668-BE54-9A1E7A4F7556}") = "Store.DomainTests", "tests\Store.DomainTests\Store.DomainTests.csproj", "{FA432017-7E07-45D3-9AD4-2BE0B2935251}"
EndProject
Project("{9A19103F-16F7-4668-BE54-9A1E7A4F7556}") = "Store.ApplicationTests", "tests\Store.ApplicationTests\Store.ApplicationTests.csproj", "{6A954FD6-5146-40F6-B2AB-81407273CBFC}"
EndProject
Project("{9A19103F-16F7-4668-BE54-9A1E7A4F7556}") = "Store.Tests.Common", "tests\Store.Tests.Common\Store.Tests.Common.csproj", "{C5A538F9-5CD1-4D37-B0FB-9CE197FFF70F}"
EndProject
Project("{FAE04EC0-301F-11D3-BF4B-00C04F79EFBC}") = "Store.API", "Store.API\Store.API.csproj", "{9A17BDB2-AE47-413D-A7CE-CA4D4473E7E1}"
EndProject
Global
	GlobalSection(SolutionConfigurationPlatforms) = preSolution
		Debug|Any CPU = Debug|Any CPU
		Release|Any CPU = Release|Any CPU
	EndGlobalSection
	GlobalSection(ProjectConfigurationPlatforms) = postSolution
		{EF6D0F19-4AC4-42B1-B6E1-1E09EC6A2B88}.Debug|Any CPU.ActiveCfg = Debug|Any CPU
		{EF6D0F19-4AC4-42B1-B6E1-1E09EC6A2B88}.Debug|Any CPU.Build.0 = Debug|Any CPU
		{EF6D0F19-4AC4-42B1-B6E1-1E09EC6A2B88}.Release|Any CPU.ActiveCfg = Release|Any CPU
		{EF6D0F19-4AC4-42B1-B6E1-1E09EC6A2B88}.Release|Any CPU.Build.0 = Release|Any CPU
		{AD4A9B16-ACBE-4BED-A36A-F3055558BAF1}.Debug|Any CPU.ActiveCfg = Debug|Any CPU
		{AD4A9B16-ACBE-4BED-A36A-F3055558BAF1}.Debug|Any CPU.Build.0 = Debug|Any CPU
		{AD4A9B16-ACBE-4BED-A36A-F3055558BAF1}.Release|Any CPU.ActiveCfg = Release|Any CPU
		{AD4A9B16-ACBE-4BED-A36A-F3055558BAF1}.Release|Any CPU.Build.0 = Release|Any CPU
		{230A534D-CB67-470F-9188-799DA3972F9E}.Debug|Any CPU.ActiveCfg = Debug|Any CPU
		{230A534D-CB67-470F-9188-799DA3972F9E}.Debug|Any CPU.Build.0 = Debug|Any CPU
		{230A534D-CB67-470F-9188-799DA3972F9E}.Release|Any CPU.ActiveCfg = Release|Any CPU
		{230A534D-CB67-470F-9188-799DA3972F9E}.Release|Any CPU.Build.0 = Release|Any CPU
		{B969C0C4-8984-4463-B5B5-815F915CD948}.Debug|Any CPU.ActiveCfg = Debug|Any CPU
		{B969C0C4-8984-4463-B5B5-815F915CD948}.Debug|Any CPU.Build.0 = Debug|Any CPU
		{B969C0C4-8984-4463-B5B5-815F915CD948}.Release|Any CPU.ActiveCfg = Release|Any CPU
		{B969C0C4-8984-4463-B5B5-815F915CD948}.Release|Any CPU.Build.0 = Release|Any CPU
		{340AF17D-1AF9-4126-A704-D82F65D7C0B6}.Debug|Any CPU.ActiveCfg = Debug|Any CPU
		{340AF17D-1AF9-4126-A704-D82F65D7C0B6}.Debug|Any CPU.Build.0 = Debug|Any CPU
		{340AF17D-1AF9-4126-A704-D82F65D7C0B6}.Release|Any CPU.ActiveCfg = Release|Any CPU
		{340AF17D-1AF9-4126-A704-D82F65D7C0B6}.Release|Any CPU.Build.0 = Release|Any CPU
		{FA432017-7E07-45D3-9AD4-2BE0B2935251}.Debug|Any CPU.ActiveCfg = Debug|Any CPU
		{FA432017-7E07-45D3-9AD4-2BE0B2935251}.Debug|Any CPU.Build.0 = Debug|Any CPU
		{FA432017-7E07-45D3-9AD4-2BE0B2935251}.Release|Any CPU.ActiveCfg = Release|Any CPU
		{FA432017-7E07-45D3-9AD4-2BE0B2935251}.Release|Any CPU.Build.0 = Release|Any CPU
		{6A954FD6-5146-40F6-B2AB-81407273CBFC}.Debug|Any CPU.ActiveCfg = Debug|Any CPU
		{6A954FD6-5146-40F6-B2AB-81407273CBFC}.Debug|Any CPU.Build.0 = Debug|Any CPU
		{6A954FD6-5146-40F6-B2AB-81407273CBFC}.Release|Any CPU.ActiveCfg = Release|Any CPU
		{6A954FD6-5146-40F6-B2AB-81407273CBFC}.Release|Any CPU.Build.0 = Release|Any CPU
		{C5A538F9-5CD1-4D37-B0FB-9CE197FFF70F}.Debug|Any CPU.ActiveCfg = Debug|Any CPU
		{C5A538F9-5CD1-4D37-B0FB-9CE197FFF70F}.Debug|Any CPU.Build.0 = Debug|Any CPU
		{C5A538F9-5CD1-4D37-B0FB-9CE197FFF70F}.Release|Any CPU.ActiveCfg = Release|Any CPU
		{C5A538F9-5CD1-4D37-B0FB-9CE197FFF70F}.Release|Any CPU.Build.0 = Release|Any CPU
		{9A17BDB2-AE47-413D-A7CE-CA4D4473E7E1}.Debug|Any CPU.ActiveCfg = Debug|Any CPU
		{9A17BDB2-AE47-413D-A7CE-CA4D4473E7E1}.Debug|Any CPU.Build.0 = Debug|Any CPU
		{9A17BDB2-AE47-413D-A7CE-CA4D4473E7E1}.Release|Any CPU.ActiveCfg = Release|Any CPU
		{9A17BDB2-AE47-413D-A7CE-CA4D4473E7E1}.Release|Any CPU.Build.0 = Release|Any CPU
	EndGlobalSection
	GlobalSection(SolutionProperties) = preSolution
		HideSolutionNode = FALSE
	EndGlobalSection
	GlobalSection(NestedProjects) = preSolution
		{FA432017-7E07-45D3-9AD4-2BE0B2935251} = {9231C1A1-36AC-4A14-A78C-7CEF677C8E44}
		{6A954FD6-5146-40F6-B2AB-81407273CBFC} = {9231C1A1-36AC-4A14-A78C-7CEF677C8E44}
		{C5A538F9-5CD1-4D37-B0FB-9CE197FFF70F} = {9231C1A1-36AC-4A14-A78C-7CEF677C8E44}
	EndGlobalSection
	GlobalSection(ExtensibilityGlobals) = postSolution
		SolutionGuid = {0B1720B1-ACB5-477A-8422-7B31DDA77CA3}
	EndGlobalSection
EndGlobal
